
Microsoft Visual Studio Solution File, Format Version 12.00
# Visual Studio Version 17
VisualStudioVersion = 17.8.34330.188
MinimumVisualStudioVersion = 10.0.40219.1
Project("{FAE04EC0-301F-11D3-BF4B-00C04F79EFBC}") = "ProjetoONG", "ProjetoONG.csproj", "{652D4FB0-B4A7-4E96-8721-43322F4367B8}"
EndProject
Global
	GlobalSection(SolutionConfigurationPlatforms) = preSolution
		Debug|Any CPU = Debug|Any CPU
		Release|Any CPU = Release|Any CPU
	EndGlobalSection
	GlobalSection(ProjectConfigurationPlatforms) = postSolution
		{652D4FB0-B4A7-4E96-8721-43322F4367B8}.Debug|Any CPU.ActiveCfg = Debug|Any CPU
		{652D4FB0-B4A7-4E96-8721-43322F4367B8}.Debug|Any CPU.Build.0 = Debug|Any CPU
		{652D4FB0-B4A7-4E96-8721-43322F4367B8}.Release|Any CPU.ActiveCfg = Release|Any CPU
		{652D4FB0-B4A7-4E96-8721-43322F4367B8}.Release|Any CPU.Build.0 = Release|Any CPU
	EndGlobalSection
	GlobalSection(SolutionProperties) = preSolution
		HideSolutionNode = FALSE
	EndGlobalSection
	GlobalSection(ExtensibilityGlobals) = postSolution
		SolutionGuid = {41F1884F-0B44-45C9-B88C-135D75EBB7F7}
	EndGlobalSection
EndGlobal
